PODS:
  - boost-for-react-native (1.63.0)
  - Crashlytics (3.14.0):
    - Fabric (~> 1.10.2)
  - DoubleConversion (1.1.6)
  - Fabric (1.10.2)
  - FBAudienceNetwork (5.9.0):
    - FBSDKCoreKit/Basics (>= 5.6.0)
  - FBLazyVector (0.61.2)
  - FBReactNativeSpec (0.61.2):
    - Folly (= 2018.10.22.00)
    - RCTRequired (= 0.61.2)
    - RCTTypeSafety (= 0.61.2)
    - React-Core (= 0.61.2)
    - React-jsi (= 0.61.2)
    - ReactCommon/turbomodule/core (= 0.61.2)
  - FBSDKCoreKit/Basics (7.0.0)
  - Firebase/Analytics (6.25.0):
    - Firebase/Core
  - Firebase/Core (6.25.0):
    - Firebase/CoreOnly
    - FirebaseAnalytics (= 6.5.1)
  - Firebase/CoreOnly (6.25.0):
    - FirebaseCore (= 6.7.1)
  - Firebase/Messaging (6.25.0):
    - Firebase/CoreOnly
    - FirebaseMessaging (~> 4.4.1)
  - FirebaseAnalytics (6.5.1):
    - FirebaseCore (~> 6.7)
    - FirebaseInstallations (~> 1.2)
    - GoogleAppMeasurement (= 6.5.1)
    - GoogleUtilities/AppDelegateSwizzler (~> 6.0)
    - GoogleUtilities/MethodSwizzler (~> 6.0)
    - GoogleUtilities/Network (~> 6.0)
    - "GoogleUtilities/NSData+zlib (~> 6.0)"
    - nanopb (~> 1.30905.0)
  - FirebaseAnalyticsInterop (1.5.0)
  - FirebaseCore (6.7.1):
    - FirebaseCoreDiagnostics (~> 1.3)
    - FirebaseCoreDiagnosticsInterop (~> 1.2)
    - GoogleUtilities/Environment (~> 6.5)
    - GoogleUtilities/Logger (~> 6.5)
  - FirebaseCoreDiagnostics (1.3.0):
    - FirebaseCoreDiagnosticsInterop (~> 1.2)
    - GoogleDataTransportCCTSupport (~> 3.1)
    - GoogleUtilities/Environment (~> 6.5)
    - GoogleUtilities/Logger (~> 6.5)
    - nanopb (~> 1.30905.0)
  - FirebaseCoreDiagnosticsInterop (1.2.0)
  - FirebaseInstallations (1.3.0):
    - FirebaseCore (~> 6.6)
    - GoogleUtilities/Environment (~> 6.6)
    - GoogleUtilities/UserDefaults (~> 6.6)
    - PromisesObjC (~> 1.2)
  - FirebaseInstanceID (4.3.4):
    - FirebaseCore (~> 6.6)
    - FirebaseInstallations (~> 1.0)
    - GoogleUtilities/Environment (~> 6.5)
    - GoogleUtilities/UserDefaults (~> 6.5)
  - FirebaseMessaging (4.4.1):
    - FirebaseAnalyticsInterop (~> 1.5)
    - FirebaseCore (~> 6.6)
    - FirebaseInstanceID (~> 4.3)
    - GoogleUtilities/AppDelegateSwizzler (~> 6.5)
    - GoogleUtilities/Environment (~> 6.5)
    - GoogleUtilities/Reachability (~> 6.5)
    - GoogleUtilities/UserDefaults (~> 6.5)
    - Protobuf (>= 3.9.2, ~> 3.9)
  - Folly (2018.10.22.00):
    - boost-for-react-native
    - DoubleConversion
    - Folly/Default (= 2018.10.22.00)
    - glog
  - Folly/Default (2018.10.22.00):
    - boost-for-react-native
    - DoubleConversion
    - glog
  - glog (0.3.5)
  - GoogleAppMeasurement (6.5.1):
    - GoogleUtilities/AppDelegateSwizzler (~> 6.0)
    - GoogleUtilities/MethodSwizzler (~> 6.0)
    - GoogleUtilities/Network (~> 6.0)
    - "GoogleUtilities/NSData+zlib (~> 6.0)"
    - nanopb (~> 1.30905.0)
  - GoogleDataTransport (6.2.1)
  - GoogleDataTransportCCTSupport (3.1.0):
    - GoogleDataTransport (~> 6.1)
    - nanopb (~> 1.30905.0)
  - GoogleUtilities/AppDelegateSwizzler (6.6.0):
    - GoogleUtilities/Environment
    - GoogleUtilities/Logger
    - GoogleUtilities/Network
  - GoogleUtilities/Environment (6.6.0):
    - PromisesObjC (~> 1.2)
  - GoogleUtilities/Logger (6.6.0):
    - GoogleUtilities/Environment
  - GoogleUtilities/MethodSwizzler (6.6.0):
    - GoogleUtilities/Logger
  - GoogleUtilities/Network (6.6.0):
    - GoogleUtilities/Logger
    - "GoogleUtilities/NSData+zlib"
    - GoogleUtilities/Reachability
  - "GoogleUtilities/NSData+zlib (6.6.0)"
  - GoogleUtilities/Reachability (6.6.0):
    - GoogleUtilities/Logger
  - GoogleUtilities/UserDefaults (6.6.0):
    - GoogleUtilities/Logger
  - nanopb (1.30905.0):
    - nanopb/decode (= 1.30905.0)
    - nanopb/encode (= 1.30905.0)
  - nanopb/decode (1.30905.0)
  - nanopb/encode (1.30905.0)
  - PromisesObjC (1.2.9)
  - Protobuf (3.12.0)
  - razorpay-pod (1.1.5)
  - RCTRequired (0.61.2)
  - RCTTypeSafety (0.61.2):
    - FBLazyVector (= 0.61.2)
    - Folly (= 2018.10.22.00)
    - RCTRequired (= 0.61.2)
    - React-Core (= 0.61.2)
  - React (0.61.2):
    - React-Core (= 0.61.2)
    - React-Core/DevSupport (= 0.61.2)
    - React-Core/RCTWebSocket (= 0.61.2)
    - React-RCTActionSheet (= 0.61.2)
    - React-RCTAnimation (= 0.61.2)
    - React-RCTBlob (= 0.61.2)
    - React-RCTImage (= 0.61.2)
    - React-RCTLinking (= 0.61.2)
    - React-RCTNetwork (= 0.61.2)
    - React-RCTSettings (= 0.61.2)
    - React-RCTText (= 0.61.2)
    - React-RCTVibration (= 0.61.2)
  - React-Core (0.61.2):
    - Folly (= 2018.10.22.00)
    - glog
    - React-Core/Default (= 0.61.2)
    - React-cxxreact (= 0.61.2)
    - React-jsi (= 0.61.2)
    - React-jsiexecutor (= 0.61.2)
    - Yoga
  - React-Core/CoreModulesHeaders (0.61.2):
    - Folly (= 2018.10.22.00)
    - glog
    - React-Core/Default
    - React-cxxreact (= 0.61.2)
    - React-jsi (= 0.61.2)
    - React-jsiexecutor (= 0.61.2)
    - Yoga
  - React-Core/Default (0.61.2):
    - Folly (= 2018.10.22.00)
    - glog
    - React-cxxreact (= 0.61.2)
    - React-jsi (= 0.61.2)
    - React-jsiexecutor (= 0.61.2)
    - Yoga
  - React-Core/DevSupport (0.61.2):
    - Folly (= 2018.10.22.00)
    - glog
    - React-Core/Default (= 0.61.2)
    - React-Core/RCTWebSocket (= 0.61.2)
    - React-cxxreact (= 0.61.2)
    - React-jsi (= 0.61.2)
    - React-jsiexecutor (= 0.61.2)
    - React-jsinspector (= 0.61.2)
    - Yoga
  - React-Core/RCTActionSheetHeaders (0.61.2):
    - Folly (= 2018.10.22.00)
    - glog
    - React-Core/Default
    - React-cxxreact (= 0.61.2)
    - React-jsi (= 0.61.2)
    - React-jsiexecutor (= 0.61.2)
    - Yoga
  - React-Core/RCTAnimationHeaders (0.61.2):
    - Folly (= 2018.10.22.00)
    - glog
    - React-Core/Default
    - React-cxxreact (= 0.61.2)
    - React-jsi (= 0.61.2)
    - React-jsiexecutor (= 0.61.2)
    - Yoga
  - React-Core/RCTBlobHeaders (0.61.2):
    - Folly (= 2018.10.22.00)
    - glog
    - React-Core/Default
    - React-cxxreact (= 0.61.2)
    - React-jsi (= 0.61.2)
    - React-jsiexecutor (= 0.61.2)
    - Yoga
  - React-Core/RCTImageHeaders (0.61.2):
    - Folly (= 2018.10.22.00)
    - glog
    - React-Core/Default
    - React-cxxreact (= 0.61.2)
    - React-jsi (= 0.61.2)
    - React-jsiexecutor (= 0.61.2)
    - Yoga
  - React-Core/RCTLinkingHeaders (0.61.2):
    - Folly (= 2018.10.22.00)
    - glog
    - React-Core/Default
    - React-cxxreact (= 0.61.2)
    - React-jsi (= 0.61.2)
    - React-jsiexecutor (= 0.61.2)
    - Yoga
  - React-Core/RCTNetworkHeaders (0.61.2):
    - Folly (= 2018.10.22.00)
    - glog
    - React-Core/Default
    - React-cxxreact (= 0.61.2)
    - React-jsi (= 0.61.2)
    - React-jsiexecutor (= 0.61.2)
    - Yoga
  - React-Core/RCTSettingsHeaders (0.61.2):
    - Folly (= 2018.10.22.00)
    - glog
    - React-Core/Default
    - React-cxxreact (= 0.61.2)
    - React-jsi (= 0.61.2)
    - React-jsiexecutor (= 0.61.2)
    - Yoga
  - React-Core/RCTTextHeaders (0.61.2):
    - Folly (= 2018.10.22.00)
    - glog
    - React-Core/Default
    - React-cxxreact (= 0.61.2)
    - React-jsi (= 0.61.2)
    - React-jsiexecutor (= 0.61.2)
    - Yoga
  - React-Core/RCTVibrationHeaders (0.61.2):
    - Folly (= 2018.10.22.00)
    - glog
    - React-Core/Default
    - React-cxxreact (= 0.61.2)
    - React-jsi (= 0.61.2)
    - React-jsiexecutor (= 0.61.2)
    - Yoga
  - React-Core/RCTWebSocket (0.61.2):
    - Folly (= 2018.10.22.00)
    - glog
    - React-Core/Default (= 0.61.2)
    - React-cxxreact (= 0.61.2)
    - React-jsi (= 0.61.2)
    - React-jsiexecutor (= 0.61.2)
    - Yoga
  - React-CoreModules (0.61.2):
    - FBReactNativeSpec (= 0.61.2)
    - Folly (= 2018.10.22.00)
    - RCTTypeSafety (= 0.61.2)
    - React-Core/CoreModulesHeaders (= 0.61.2)
    - React-RCTImage (= 0.61.2)
    - ReactCommon/turbomodule/core (= 0.61.2)
  - React-cxxreact (0.61.2):
    - boost-for-react-native (= 1.63.0)
    - DoubleConversion
    - Folly (= 2018.10.22.00)
    - glog
    - React-jsinspector (= 0.61.2)
  - React-jsi (0.61.2):
    - boost-for-react-native (= 1.63.0)
    - DoubleConversion
    - Folly (= 2018.10.22.00)
    - glog
    - React-jsi/Default (= 0.61.2)
  - React-jsi/Default (0.61.2):
    - boost-for-react-native (= 1.63.0)
    - DoubleConversion
    - Folly (= 2018.10.22.00)
    - glog
  - React-jsiexecutor (0.61.2):
    - DoubleConversion
    - Folly (= 2018.10.22.00)
    - glog
    - React-cxxreact (= 0.61.2)
    - React-jsi (= 0.61.2)
  - React-jsinspector (0.61.2)
  - react-native-background-timer (2.3.1):
    - React
  - react-native-razorpay (2.1.36):
    - razorpay-pod
    - React
  - react-native-safe-area-context (0.7.3):
    - React
  - react-native-splash-screen (3.2.0):
    - React
  - react-native-webview (9.4.0):
    - React
  - React-RCTActionSheet (0.61.2):
    - React-Core/RCTActionSheetHeaders (= 0.61.2)
  - React-RCTAnimation (0.61.2):
    - React-Core/RCTAnimationHeaders (= 0.61.2)
  - React-RCTBlob (0.61.2):
    - React-Core/RCTBlobHeaders (= 0.61.2)
    - React-Core/RCTWebSocket (= 0.61.2)
    - React-jsi (= 0.61.2)
    - React-RCTNetwork (= 0.61.2)
  - React-RCTImage (0.61.2):
    - React-Core/RCTImageHeaders (= 0.61.2)
    - React-RCTNetwork (= 0.61.2)
  - React-RCTLinking (0.61.2):
    - React-Core/RCTLinkingHeaders (= 0.61.2)
  - React-RCTNetwork (0.61.2):
    - React-Core/RCTNetworkHeaders (= 0.61.2)
  - React-RCTSettings (0.61.2):
    - React-Core/RCTSettingsHeaders (= 0.61.2)
  - React-RCTText (0.61.2):
    - React-Core/RCTTextHeaders (= 0.61.2)
  - React-RCTVibration (0.61.2):
    - React-Core/RCTVibrationHeaders (= 0.61.2)
  - ReactCommon/jscallinvoker (0.61.2):
    - DoubleConversion
    - Folly (= 2018.10.22.00)
    - glog
    - React-cxxreact (= 0.61.2)
  - ReactCommon/turbomodule/core (0.61.2):
    - DoubleConversion
    - Folly (= 2018.10.22.00)
    - glog
    - React-Core (= 0.61.2)
    - React-cxxreact (= 0.61.2)
    - React-jsi (= 0.61.2)
    - ReactCommon/jscallinvoker (= 0.61.2)
  - ReactNativeAdsFacebook (6.3.1):
    - FBAudienceNetwork
    - React
  - RNCAsyncStorage (1.11.0):
    - React
  - RNCMaskedView (0.1.9):
    - React
  - RNDeviceInfo (5.6.3):
    - React
  - RNFBApp (7.3.1):
    - Firebase/CoreOnly (~> 6.25.0)
    - React
  - RNFBCrashlytics (7.1.7):
    - Crashlytics (~> 3.14.0)
    - Fabric (~> 1.10.2)
    - React
    - RNFBApp
  - RNFBMessaging (7.6.1):
    - Firebase/Analytics (~> 6.25.0)
    - Firebase/Messaging (~> 6.25.0)
    - React
    - RNFBApp
  - RNGestureHandler (1.6.1):
    - React
  - RNIap (4.5.0):
    - React
  - RNRate (1.2.1):
    - React
  - RNReanimated (1.10.1):
    - React
  - RNScreens (2.5.0):
    - React
  - RNShare (3.7.0):
    - React
  - Yoga (1.14.0)

DEPENDENCIES:
  - DoubleConversion (from `../node_modules/react-native/third-party-podspecs/DoubleConversion.podspec`)
  - FBLazyVector (from `../node_modules/react-native/Libraries/FBLazyVector`)
  - FBReactNativeSpec (from `../node_modules/react-native/Libraries/FBReactNativeSpec`)
  - Folly (from `../node_modules/react-native/third-party-podspecs/Folly.podspec`)
  - glog (from `../node_modules/react-native/third-party-podspecs/glog.podspec`)
  - RCTRequired (from `../node_modules/react-native/Libraries/RCTRequired`)
  - RCTTypeSafety (from `../node_modules/react-native/Libraries/TypeSafety`)
  - React (from `../node_modules/react-native/`)
  - React-Core (from `../node_modules/react-native/`)
  - React-Core/DevSupport (from `../node_modules/react-native/`)
  - React-Core/RCTWebSocket (from `../node_modules/react-native/`)
  - React-CoreModules (from `../node_modules/react-native/React/CoreModules`)
  - React-cxxreact (from `../node_modules/react-native/ReactCommon/cxxreact`)
  - React-jsi (from `../node_modules/react-native/ReactCommon/jsi`)
  - React-jsiexecutor (from `../node_modules/react-native/ReactCommon/jsiexecutor`)
  - React-jsinspector (from `../node_modules/react-native/ReactCommon/jsinspector`)
  - react-native-background-timer (from `../node_modules/react-native-background-timer`)
  - react-native-razorpay (from `../node_modules/react-native-razorpay`)
  - react-native-safe-area-context (from `../node_modules/react-native-safe-area-context`)
  - react-native-splash-screen (from `../node_modules/react-native-splash-screen`)
  - react-native-webview (from `../node_modules/react-native-webview`)
  - React-RCTActionSheet (from `../node_modules/react-native/Libraries/ActionSheetIOS`)
  - React-RCTAnimation (from `../node_modules/react-native/Libraries/NativeAnimation`)
  - React-RCTBlob (from `../node_modules/react-native/Libraries/Blob`)
  - React-RCTImage (from `../node_modules/react-native/Libraries/Image`)
  - React-RCTLinking (from `../node_modules/react-native/Libraries/LinkingIOS`)
  - React-RCTNetwork (from `../node_modules/react-native/Libraries/Network`)
  - React-RCTSettings (from `../node_modules/react-native/Libraries/Settings`)
  - React-RCTText (from `../node_modules/react-native/Libraries/Text`)
  - React-RCTVibration (from `../node_modules/react-native/Libraries/Vibration`)
  - ReactCommon/jscallinvoker (from `../node_modules/react-native/ReactCommon`)
  - ReactCommon/turbomodule/core (from `../node_modules/react-native/ReactCommon`)
  - ReactNativeAdsFacebook (from `../node_modules/react-native-fbads`)
  - "RNCAsyncStorage (from `../node_modules/@react-native-community/async-storage`)"
  - "RNCMaskedView (from `../node_modules/@react-native-community/masked-view`)"
  - RNDeviceInfo (from `../node_modules/react-native-device-info`)
  - "RNFBApp (from `../node_modules/@react-native-firebase/app`)"
  - "RNFBCrashlytics (from `../node_modules/@react-native-firebase/crashlytics`)"
  - "RNFBMessaging (from `../node_modules/@react-native-firebase/messaging`)"
  - RNGestureHandler (from `../node_modules/react-native-gesture-handler`)
  - RNIap (from `../node_modules/react-native-iap`)
  - RNRate (from `../node_modules/react-native-rate`)
  - RNReanimated (from `../node_modules/react-native-reanimated`)
  - RNScreens (from `../node_modules/react-native-screens`)
  - RNShare (from `../node_modules/react-native-share`)
  - Yoga (from `../node_modules/react-native/ReactCommon/yoga`)

SPEC REPOS:
  trunk:
    - boost-for-react-native
    - Crashlytics
    - Fabric
    - FBAudienceNetwork
    - FBSDKCoreKit
    - Firebase
    - FirebaseAnalytics
    - FirebaseAnalyticsInterop
    - FirebaseCore
    - FirebaseCoreDiagnostics
    - FirebaseCoreDiagnosticsInterop
    - FirebaseInstallations
    - FirebaseInstanceID
    - FirebaseMessaging
    - GoogleAppMeasurement
    - GoogleDataTransport
    - GoogleDataTransportCCTSupport
    - GoogleUtilities
    - nanopb
    - PromisesObjC
    - Protobuf
    - razorpay-pod

EXTERNAL SOURCES:
  DoubleConversion:
    :podspec: "../node_modules/react-native/third-party-podspecs/DoubleConversion.podspec"
  FBLazyVector:
    :path: "../node_modules/react-native/Libraries/FBLazyVector"
  FBReactNativeSpec:
    :path: "../node_modules/react-native/Libraries/FBReactNativeSpec"
  Folly:
    :podspec: "../node_modules/react-native/third-party-podspecs/Folly.podspec"
  glog:
    :podspec: "../node_modules/react-native/third-party-podspecs/glog.podspec"
  RCTRequired:
    :path: "../node_modules/react-native/Libraries/RCTRequired"
  RCTTypeSafety:
    :path: "../node_modules/react-native/Libraries/TypeSafety"
  React:
    :path: "../node_modules/react-native/"
  React-Core:
    :path: "../node_modules/react-native/"
  React-CoreModules:
    :path: "../node_modules/react-native/React/CoreModules"
  React-cxxreact:
    :path: "../node_modules/react-native/ReactCommon/cxxreact"
  React-jsi:
    :path: "../node_modules/react-native/ReactCommon/jsi"
  React-jsiexecutor:
    :path: "../node_modules/react-native/ReactCommon/jsiexecutor"
  React-jsinspector:
    :path: "../node_modules/react-native/ReactCommon/jsinspector"
  react-native-background-timer:
    :path: "../node_modules/react-native-background-timer"
  react-native-razorpay:
    :path: "../node_modules/react-native-razorpay"
  react-native-safe-area-context:
    :path: "../node_modules/react-native-safe-area-context"
  react-native-splash-screen:
    :path: "../node_modules/react-native-splash-screen"
  react-native-webview:
    :path: "../node_modules/react-native-webview"
  React-RCTActionSheet:
    :path: "../node_modules/react-native/Libraries/ActionSheetIOS"
  React-RCTAnimation:
    :path: "../node_modules/react-native/Libraries/NativeAnimation"
  React-RCTBlob:
    :path: "../node_modules/react-native/Libraries/Blob"
  React-RCTImage:
    :path: "../node_modules/react-native/Libraries/Image"
  React-RCTLinking:
    :path: "../node_modules/react-native/Libraries/LinkingIOS"
  React-RCTNetwork:
    :path: "../node_modules/react-native/Libraries/Network"
  React-RCTSettings:
    :path: "../node_modules/react-native/Libraries/Settings"
  React-RCTText:
    :path: "../node_modules/react-native/Libraries/Text"
  React-RCTVibration:
    :path: "../node_modules/react-native/Libraries/Vibration"
  ReactCommon:
    :path: "../node_modules/react-native/ReactCommon"
  ReactNativeAdsFacebook:
    :path: "../node_modules/react-native-fbads"
  RNCAsyncStorage:
    :path: "../node_modules/@react-native-community/async-storage"
  RNCMaskedView:
    :path: "../node_modules/@react-native-community/masked-view"
  RNDeviceInfo:
    :path: "../node_modules/react-native-device-info"
  RNFBApp:
    :path: "../node_modules/@react-native-firebase/app"
  RNFBCrashlytics:
    :path: "../node_modules/@react-native-firebase/crashlytics"
  RNFBMessaging:
    :path: "../node_modules/@react-native-firebase/messaging"
  RNGestureHandler:
    :path: "../node_modules/react-native-gesture-handler"
  RNIap:
    :path: "../node_modules/react-native-iap"
  RNRate:
    :path: "../node_modules/react-native-rate"
  RNReanimated:
    :path: "../node_modules/react-native-reanimated"
  RNScreens:
    :path: "../node_modules/react-native-screens"
  RNShare:
    :path: "../node_modules/react-native-share"
  Yoga:
    :path: "../node_modules/react-native/ReactCommon/yoga"

SPEC CHECKSUMS:
  boost-for-react-native: 39c7adb57c4e60d6c5479dd8623128eb5b3f0f2c
  Crashlytics: 540b7e5f5da5a042647227a5e3ac51d85eed06df
  DoubleConversion: 5805e889d232975c086db112ece9ed034df7a0b2
  Fabric: 706c8b8098fff96c33c0db69cbf81f9c551d0d74
  FBAudienceNetwork: 648648b13d8ea3d39676542dece2b04dbe867497
  FBLazyVector: 68b6a76960fbd8ecd9fb7ce0aadd3329c3340a99
  FBReactNativeSpec: 5a764c60abdc3336a213e5310c40b74741f32839
  FBSDKCoreKit: 8ad31cd09f793d1d7e84cf20fd6cebfe80ad318d
  Firebase: 5719b4f965f76643241a1bb8244483ff6117db39
  FirebaseAnalytics: 93565f3f0f0f50a5d8770850bfe6a82eaba5db27
  FirebaseAnalyticsInterop: 3f86269c38ae41f47afeb43ebf32a001f58fcdae
  FirebaseCore: 6023faeada5afa95a349fccafb40900e32e9ac42
  FirebaseCoreDiagnostics: 4a773a47bd83bbd5a9b1ccf1ce7caa8b2d535e67
  FirebaseCoreDiagnosticsInterop: 296e2c5f5314500a850ad0b83e9e7c10b011a850
  FirebaseInstallations: 6f5f680e65dc374397a483c32d1799ba822a395b
  FirebaseInstanceID: cef67c4967c7cecb56ea65d8acbb4834825c587b
  FirebaseMessaging: 29543feb343b09546ab3aa04d008ee8595b43c44
  Folly: 30e7936e1c45c08d884aa59369ed951a8e68cf51
  glog: 1f3da668190260b06b429bb211bfbee5cd790c28
  GoogleAppMeasurement: 137afe68bfa406c3f4221b9395253d9e5d4654cf
  GoogleDataTransport: 9a8a16f79feffc7f42096743de2a7c4815e84020
  GoogleDataTransportCCTSupport: d70a561f7d236af529fee598835caad5e25f6d3d
  GoogleUtilities: 39530bc0ad980530298e9c4af8549e991fd033b1
  nanopb: c43f40fadfe79e8b8db116583945847910cbabc9
  PromisesObjC: b48e0338dbbac2207e611750777895f7a5811b75
  Protobuf: 2793fcd0622a00b546c60e7cbbcc493e043e9bb9
  razorpay-pod: 31dd24ddb70275d82be12527b45001f9bc9f1be2
  RCTRequired: c639d59ed389cfb1f1203f65c2ea946d8ec586e2
  RCTTypeSafety: dc23fb655d6c77667c78e327bf661bc11e3b8aec
  React: 7e586e5d7bec12b91c1a096826b0fc9ab1da7865
  React-Core: 8ddb9770b4a30a6ab4a754e6ed5ec76454e3d699
  React-CoreModules: b3d9eece8ad7df36c917a41f05c1168c52fe0b34
  React-cxxreact: 1f972757c0bd08d962ef78068e06613c27489a3f
  React-jsi: 32285a21b1b24c36060493ed3057a34677d58d09
  React-jsiexecutor: 8909917ff7d8f21a57e443a866fd8d4560e50c65
  React-jsinspector: 111d7d342b07a904c400592e02a2b958f1098b60
  react-native-background-timer: 1275225bd2c74eeba9f3898480cb6a635c7d2cb0
  react-native-razorpay: 8988c3bd28c9ca68be69d8bd718db0af11ff83f8
  react-native-safe-area-context: e200d4433aba6b7e60b52da5f37af11f7a0b0392
  react-native-splash-screen: 200d11d188e2e78cea3ad319964f6142b6384865
  react-native-webview: cf5527893252b3b036eea024a1da6996f7344c74
  React-RCTActionSheet: 89b037c0fb7d2671607cb645760164e7e0c013f6
  React-RCTAnimation: e3cefa93c38c004c318f7ec04b883eb14b8b8235
  React-RCTBlob: d26ac0e313fbf14e7203473fd593ccaaeee8329e
  React-RCTImage: 4bdd9588783fa9e48ef669ccd4f747224e208edf
  React-RCTLinking: 65f0088ff463babd3d5d567964a65b74141eff3b
  React-RCTNetwork: 0c1a73576c1cfeafe68396556de1b17d93c0c595
  React-RCTSettings: 4194f1f0edbddf3fd44d1714dc6578bb20379b60
  React-RCTText: e3ef6191cdb627855ff7fe8fa0c1e14094967fb8
  React-RCTVibration: fb54c732fd20405a76598e431aa2f8c2bf527de9
  ReactCommon: 5848032ed2f274fcb40f6b9ec24067787c42d479
  ReactNativeAdsFacebook: f26673210344d50687d4c7b1b4242c3b6b48c33f
  RNCAsyncStorage: d059c3ee71738c39834a627476322a5a8cd5bf36
  RNCMaskedView: 71fc32d971f03b7f03d6ab6b86b730c4ee64f5b6
  RNDeviceInfo: 5be12a5bfbb8da3528c43ee4373abd9c30d04616
  RNFBApp: cd70a6c061bc485994e28c7d58ab760538850f0e
  RNFBCrashlytics: a4aceced113c1d81c6aed885774b7e648fa2f25b
  RNFBMessaging: e907df513dc729aa8f47f94c6614263bc97d833e
  RNGestureHandler: 8f09cd560f8d533eb36da5a6c5a843af9f056b38
  RNIap: e5ddd3f0621c714e48dace1e89a644c86a5e23fe
  RNRate: a39ac26dc9daf3f9b639ce274b7f80672ae36db1
  RNReanimated: c2bb7438b57a3d987bb2e4e6e4bca94787e30b02
  RNScreens: ac02d0e4529f08ced69f5580d416f968a6ec3a1d
  RNShare: a1d5064df7a0ebe778d001869b3f0a124bf0a491
  Yoga: 14927e37bd25376d216b150ab2a561773d57911f

PODFILE CHECKSUM: 73ef98c2c3f0a1b949da660a35fa0edf1c54e517

COCOAPODS: 1.9.1
